
Microsoft Visual Studio Solution File, Format Version 12.00
# Visual Studio 15
VisualStudioVersion = 15.0.28010.2048
MinimumVisualStudioVersion = 10.0.40219.1
Project("{9A19103F-16F7-4668-BE54-9A1E7A4F7556}") = "CreditCard", "CreditCardSample\CreditCard\CreditCard.csproj", "{A73EBBD8-A6C2-42FF-AE34-5F3F07341C5D}"
EndProject
Project("{FAE04EC0-301F-11D3-BF4B-00C04F79EFBC}") = "CreditCard.Android", "CreditCardSample\CreditCard.Android\CreditCard.Android.csproj", "{7C547E05-E757-4136-BD7C-BC89CC9606F5}"
EndProject
Global
	GlobalSection(SolutionConfigurationPlatforms) = preSolution
		Debug|Any CPU = Debug|Any CPU
		Release|Any CPU = Release|Any CPU
	EndGlobalSection
	GlobalSection(ProjectConfigurationPlatforms) = postSolution
		{A73EBBD8-A6C2-42FF-AE34-5F3F07341C5D}.Debug|Any CPU.ActiveCfg = Debug|Any CPU
		{A73EBBD8-A6C2-42FF-AE34-5F3F07341C5D}.Debug|Any CPU.Build.0 = Debug|Any CPU
		{A73EBBD8-A6C2-42FF-AE34-5F3F07341C5D}.Release|Any CPU.ActiveCfg = Release|Any CPU
		{A73EBBD8-A6C2-42FF-AE34-5F3F07341C5D}.Release|Any CPU.Build.0 = Release|Any CPU
		{7C547E05-E757-4136-BD7C-BC89CC9606F5}.Debug|Any CPU.ActiveCfg = Debug|Any CPU
		{7C547E05-E757-4136-BD7C-BC89CC9606F5}.Debug|Any CPU.Build.0 = Debug|Any CPU
		{7C547E05-E757-4136-BD7C-BC89CC9606F5}.Debug|Any CPU.Deploy.0 = Debug|Any CPU
		{7C547E05-E757-4136-BD7C-BC89CC9606F5}.Release|Any CPU.ActiveCfg = Release|Any CPU
		{7C547E05-E757-4136-BD7C-BC89CC9606F5}.Release|Any CPU.Build.0 = Release|Any CPU
		{7C547E05-E757-4136-BD7C-BC89CC9606F5}.Release|Any CPU.Deploy.0 = Release|Any CPU
	EndGlobalSection
	GlobalSection(SolutionProperties) = preSolution
		HideSolutionNode = FALSE
	EndGlobalSection
	GlobalSection(ExtensibilityGlobals) = postSolution
		SolutionGuid = {49A4D5D7-8285-4183-8DE1-38CD29D52832}
	EndGlobalSection
EndGlobal
